
Microsoft Visual Studio Solution File, Format Version 12.00
# Visual Studio Version 16
VisualStudioVersion = 16.0.30204.135
MinimumVisualStudioVersion = 10.0.40219.1
Project("{FAE04EC0-301F-11D3-BF4B-00C04F79EFBC}") = "Industry Prototype", "Industry Prototype.csproj", "{C793284B-7506-4F93-B006-3330CF0EEBF3}"
EndProject
Global
	GlobalSection(SolutionConfigurationPlatforms) = preSolution
		Debug|Any CPU = Debug|Any CPU
		Release|Any CPU = Release|Any CPU
	EndGlobalSection
	GlobalSection(ProjectConfigurationPlatforms) = postSolution
		{C793284B-7506-4F93-B006-3330CF0EEBF3}.Debug|Any CPU.ActiveCfg = Debug|Any CPU
		{C793284B-7506-4F93-B006-3330CF0EEBF3}.Debug|Any CPU.Build.0 = Debug|Any CPU
		{C793284B-7506-4F93-B006-3330CF0EEBF3}.Release|Any CPU.ActiveCfg = Release|Any CPU
		{C793284B-7506-4F93-B006-3330CF0EEBF3}.Release|Any CPU.Build.0 = Release|Any CPU
	EndGlobalSection
	GlobalSection(SolutionProperties) = preSolution
		HideSolutionNode = FALSE
	EndGlobalSection
	GlobalSection(ExtensibilityGlobals) = postSolution
		SolutionGuid = {6442E84E-5DCA-4712-832F-EE2E2CAE844D}
	EndGlobalSection
EndGlobal
