
Microsoft Visual Studio Solution File, Format Version 12.00
# Visual Studio Version 16
VisualStudioVersion = 16.0.30128.74
MinimumVisualStudioVersion = 10.0.40219.1
Project("{FAE04EC0-301F-11D3-BF4B-00C04F79EFBC}") = "ComfortHomeUserInterface", "ComfortHomeUserInterface\ComfortHomeUserInterface.csproj", "{9773A4CF-DA85-4F89-922E-A650C9EE501E}"
EndProject
Project("{FAE04EC0-301F-11D3-BF4B-00C04F79EFBC}") = "ComfortHomeClassLibrary", "ComfortHomeClassLibrary\ComfortHomeClassLibrary.csproj", "{E47D5AA4-2BD4-4B1F-B10E-5AE3718A9176}"
EndProject
Project("{FAE04EC0-301F-11D3-BF4B-00C04F79EFBC}") = "ComfortHomeClassLibrary.Tests1", "ComfortHomeClassLibrary.Tests1\ComfortHomeClassLibrary.Tests1.csproj", "{0E175D39-CEF7-451D-91FD-2EB682F9B7DF}"
EndProject
Global
	GlobalSection(SolutionConfigurationPlatforms) = preSolution
		Debug|Any CPU = Debug|Any CPU
		Release|Any CPU = Release|Any CPU
	EndGlobalSection
	GlobalSection(ProjectConfigurationPlatforms) = postSolution
		{9773A4CF-DA85-4F89-922E-A650C9EE501E}.Debug|Any CPU.ActiveCfg = Debug|Any CPU
		{9773A4CF-DA85-4F89-922E-A650C9EE501E}.Debug|Any CPU.Build.0 = Debug|Any CPU
		{9773A4CF-DA85-4F89-922E-A650C9EE501E}.Release|Any CPU.ActiveCfg = Release|Any CPU
		{9773A4CF-DA85-4F89-922E-A650C9EE501E}.Release|Any CPU.Build.0 = Release|Any CPU
		{E47D5AA4-2BD4-4B1F-B10E-5AE3718A9176}.Debug|Any CPU.ActiveCfg = Debug|Any CPU
		{E47D5AA4-2BD4-4B1F-B10E-5AE3718A9176}.Debug|Any CPU.Build.0 = Debug|Any CPU
		{E47D5AA4-2BD4-4B1F-B10E-5AE3718A9176}.Release|Any CPU.ActiveCfg = Release|Any CPU
		{E47D5AA4-2BD4-4B1F-B10E-5AE3718A9176}.Release|Any CPU.Build.0 = Release|Any CPU
		{0E175D39-CEF7-451D-91FD-2EB682F9B7DF}.Debug|Any CPU.ActiveCfg = Debug|Any CPU
		{0E175D39-CEF7-451D-91FD-2EB682F9B7DF}.Debug|Any CPU.Build.0 = Debug|Any CPU
		{0E175D39-CEF7-451D-91FD-2EB682F9B7DF}.Release|Any CPU.ActiveCfg = Release|Any CPU
		{0E175D39-CEF7-451D-91FD-2EB682F9B7DF}.Release|Any CPU.Build.0 = Release|Any CPU
	EndGlobalSection
	GlobalSection(SolutionProperties) = preSolution
		HideSolutionNode = FALSE
	EndGlobalSection
	GlobalSection(ExtensibilityGlobals) = postSolution
		SolutionGuid = {771C052A-90C7-40CE-B403-429AA1E5BE03}
	EndGlobalSection
EndGlobal
